<?xml version="1.0" encoding="UTF-8" standalone="yes" ?>
<CodeBlocks_project_file>
	<FileVersion major="1" minor="6" />
	<Project>
		<Option title="Hospital" />
		<Option pch_mode="2" />
		<Option compiler="gcc" />
		<Build>
			<Target title="Debug">
				<Option output="bin/Debug/Hospital" prefix_auto="1" extension_auto="1" />
				<Option object_output="obj/Debug/" />
				<Option type="1" />
				<Option compiler="gcc" />
				<Compiler>
					<Add option="-g" />
				</Compiler>
			</Target>
			<Target title="Release">
				<Option output="bin/Release/Hospital" prefix_auto="1" extension_auto="1" />
				<Option object_output="obj/Release/" />
				<Option type="1" />
				<Option compiler="gcc" />
				<Compiler>
					<Add option="-O2" />
				</Compiler>
				<Linker>
					<Add option="-s" />
				</Linker>
			</Target>
		</Build>
		<Compiler>
			<Add option="-Wall" />
		</Compiler>
		<Unit filename="about-us.c">
			<Option compilerVar="CC" />
		</Unit>
		<Unit filename="admin-menu.c">
			<Option compilerVar="CC" />
		</Unit>
		<Unit filename="adminHomeScreen.c">
			<Option compilerVar="CC" />
		</Unit>
		<Unit filename="data-validation.c">
			<Option compilerVar="CC" />
		</Unit>
		<Unit filename="doctor-information.c">
			<Option compilerVar="CC" />
		</Unit>
		<Unit filename="extension.c">
			<Option compilerVar="CC" />
		</Unit>
		<Unit filename="index.c">
			<Option compilerVar="CC" />
		</Unit>
		<Unit filename="login.c">
			<Option compilerVar="CC" />
		</Unit>
		<Unit filename="main-menu.c">
			<Option compilerVar="CC" />
		</Unit>
		<Unit filename="patient-information.c">
			<Option compilerVar="CC" />
		</Unit>
		<Unit filename="patient-information.csv" />
		<Unit filename="search.c">
			<Option compilerVar="CC" />
		</Unit>
		<Unit filename="settings.c">
			<Option compilerVar="CC" />
		</Unit>
		<Unit filename="staff-information.c">
			<Option compilerVar="CC" />
		</Unit>
		<Unit filename="wecome-screen.c">
			<Option compilerVar="CC" />
		</Unit>
		<Extensions>
			<lib_finder disable_auto="1" />
		</Extensions>
	</Project>
</CodeBlocks_project_file>
